
Microsoft Visual Studio Solution File, Format Version 12.00
# Visual Studio 15
VisualStudioVersion = 15.0.28307.102
MinimumVisualStudioVersion = 10.0.40219.1
Project("{FAE04EC0-301F-11D3-BF4B-00C04F79EFBC}") = "BinaryReadServer", "BinaryReadServer\BinaryReadServer.csproj", "{49E66EDB-6EFE-4202-971C-1E0B63F9E526}"
EndProject
Global
	GlobalSection(SolutionConfigurationPlatforms) = preSolution
		Debug|Any CPU = Debug|Any CPU
		Release|Any CPU = Release|Any CPU
	EndGlobalSection
	GlobalSection(ProjectConfigurationPlatforms) = postSolution
		{49E66EDB-6EFE-4202-971C-1E0B63F9E526}.Debug|Any CPU.ActiveCfg = Debug|Any CPU
		{49E66EDB-6EFE-4202-971C-1E0B63F9E526}.Debug|Any CPU.Build.0 = Debug|Any CPU
		{49E66EDB-6EFE-4202-971C-1E0B63F9E526}.Release|Any CPU.ActiveCfg = Release|Any CPU
		{49E66EDB-6EFE-4202-971C-1E0B63F9E526}.Release|Any CPU.Build.0 = Release|Any CPU
	EndGlobalSection
	GlobalSection(SolutionProperties) = preSolution
		HideSolutionNode = FALSE
	EndGlobalSection
	GlobalSection(ExtensibilityGlobals) = postSolution
		SolutionGuid = {936BC347-44EB-4598-93DB-2AD178F302ED}
	EndGlobalSection
EndGlobal
